// !$*UTF8*$!
{
	archiveVersion = 1;
	classes = {
	};
	objectVersion = 50;
	objects = {

/* Begin PBXBuildFile section */
		F505D2A92565712E00ECC1CE /* AppDelegate.swift in Sources */ = {isa = PBXBuildFile; fileRef = F505D2A82565712E00ECC1CE /* AppDelegate.swift */; };
		F505D2AB2565712E00ECC1CE /* SceneDelegate.swift in Sources */ = {isa = PBXBuildFile; fileRef = F505D2AA2565712E00ECC1CE /* SceneDelegate.swift */; };
		F505D2AD2565712E00ECC1CE /* ViewController.swift in Sources */ = {isa = PBXBuildFile; fileRef = F505D2AC2565712E00ECC1CE /* ViewController.swift */; };
		F505D2B02565712E00ECC1CE /* Main.storyboard in Resources */ = {isa = PBXBuildFile; fileRef = F505D2AE2565712E00ECC1CE /* Main.storyboard */; };
		F505D2B32565712E00ECC1CE /* Todoey_List.xcdatamodeld in Sources */ = {isa = PBXBuildFile; fileRef = F505D2B12565712E00ECC1CE /* Todoey_List.xcdatamodeld */; };
		F505D2B52565713400ECC1CE /* Assets.xcassets in Resources */ = {isa = PBXBuildFile; fileRef = F505D2B42565713400ECC1CE /* Assets.xcassets */; };
		F505D2B82565713400ECC1CE /* LaunchScreen.storyboard in Resources */ = {isa = PBXBuildFile; fileRef = F505D2B62565713400ECC1CE /* LaunchScreen.storyboard */; };
/* End PBXBuildFile section */

/* Begin PBXFileReference section */
		F505D2A52565712E00ECC1CE /* Todoey List.app */ = {isa = PBXFileReference; explicitFileType = wrapper.application; includeInIndex = 0; path = "Todoey List.app"; sourceTree = BUILT_PRODUCTS_DIR; };
		F505D2A82565712E00ECC1CE /* AppDelegate.swift */ = {isa = PBXFileReference; lastKnownFileType = sourcecode.swift; path = AppDelegate.swift; sourceTree = "<group>"; };
		F505D2AA2565712E00ECC1CE /* SceneDelegate.swift */ = {isa = PBXFileReference; lastKnownFileType = sourcecode.swift; path = SceneDelegate.swift; sourceTree = "<group>"; };
		F505D2AC2565712E00ECC1CE /* ViewController.swift */ = {isa = PBXFileReference; lastKnownFileType = sourcecode.swift; path = ViewController.swift; sourceTree = "<group>"; };
		F505D2AF2565712E00ECC1CE /* Base */ = {isa = PBXFileReference; lastKnownFileType = file.storyboard; name = Base; path = Base.lproj/Main.storyboard; sourceTree = "<group>"; };
		F505D2B22565712E00ECC1CE /* Todoey_List.xcdatamodel */ = {isa = PBXFileReference; lastKnownFileType = wrapper.xcdatamodel; path = Todoey_List.xcdatamodel; sourceTree = "<group>"; };
		F505D2B42565713400ECC1CE /* Assets.xcassets */ = {isa = PBXFileReference; lastKnownFileType = folder.assetcatalog; path = Assets.xcassets; sourceTree = "<group>"; };
		F505D2B72565713400ECC1CE /* Base */ = {isa = PBXFileReference; lastKnownFileType = file.storyboard; name = Base; path = Base.lproj/LaunchScreen.storyboard; sourceTree = "<group>"; };
		F505D2B92565713400ECC1CE /* Info.plist */ = {isa = PBXFileReference; lastKnownFileType = text.plist.xml; path = Info.plist; sourceTree = "<group>"; };
/* End PBXFileReference section */

/* Begin PBXFrameworksBuildPhase section */
		F505D2A22565712E00ECC1CE /* Frameworks */ = {
			isa = PBXFrameworksBuildPhase;
			buildActionMask = 2147483647;
			files = (
			);
			runOnlyForDeploymentPostprocessing = 0;
		};
/* End PBXFrameworksBuildPhase section */

/* Begin PBXGroup section */
		F505D29C2565712D00ECC1CE = {
			isa = PBXGroup;
			children = (
				F505D2A72565712E00ECC1CE /* Todoey List */,
				F505D2A62565712E00ECC1CE /* Products */,
			);
			sourceTree = "<group>";
		};
		F505D2A62565712E00ECC1CE /* Products */ = {
			isa = PBXGroup;
			children = (
				F505D2A52565712E00ECC1CE /* Todoey List.app */,
			);
			name = Products;
			sourceTree = "<group>";
		};
		F505D2A72565712E00ECC1CE /* Todoey List */ = {
			isa = PBXGroup;
			children = (
				F505D2A82565712E00ECC1CE /* AppDelegate.swift */,
				F505D2AA2565712E00ECC1CE /* SceneDelegate.swift */,
				F505D2AC2565712E00ECC1CE /* ViewController.swift */,
				F505D2AE2565712E00ECC1CE /* Main.storyboard */,
				F505D2B42565713400ECC1CE /* Assets.xcassets */,
				F505D2B62565713400ECC1CE /* LaunchScreen.storyboard */,
				F505D2B92565713400ECC1CE /* Info.plist */,
				F505D2B12565712E00ECC1CE /* Todoey_List.xcdatamodeld */,
			);
			path = "Todoey List";
			sourceTree = "<group>";
		};
/* End PBXGroup section */

/* Begin PBXNativeTarget section */
		F505D2A42565712E00ECC1CE /* Todoey List */ = {
			isa = PBXNativeTarget;
			buildConfigurationList = F505D2BC2565713400ECC1CE /* Build configuration list for PBXNativeTarget "Todoey List" */;
			buildPhases = (
				F505D2A12565712E00ECC1CE /* Sources */,
				F505D2A22565712E00ECC1CE /* Frameworks */,
				F505D2A32565712E00ECC1CE /* Resources */,
			);
			buildRules = (
			);
			dependencies = (
			);
			name = "Todoey List";
			productName = "Todoey List";
			productReference = F505D2A52565712E00ECC1CE /* Todoey List.app */;
			productType = "com.apple.product-type.application";
		};
/* End PBXNativeTarget section */

/* Begin PBXProject section */
		F505D29D2565712D00ECC1CE /* Project object */ = {
			isa = PBXProject;
			attributes = {
				LastSwiftUpdateCheck = 1210;
				LastUpgradeCheck = 1210;
				TargetAttributes = {
					F505D2A42565712E00ECC1CE = {
						CreatedOnToolsVersion = 12.1;
					};
				};
			};
			buildConfigurationList = F505D2A02565712E00ECC1CE /* Build configuration list for PBXProject "Todoey List" */;
			compatibilityVersion = "Xcode 9.3";
			developmentRegion = en;
			hasScannedForEncodings = 0;
			knownRegions = (
				en,
				Base,
			);
			mainGroup = F505D29C2565712D00ECC1CE;
			productRefGroup = F505D2A62565712E00ECC1CE /* Products */;
			projectDirPath = "";
			projectRoot = "";
			targets = (
				F505D2A42565712E00ECC1CE /* Todoey List */,
			);
		};
/* End PBXProject section */

/* Begin PBXResourcesBuildPhase section */
		F505D2A32565712E00ECC1CE /* Resources */ = {
			isa = PBXResourcesBuildPhase;
			buildActionMask = 2147483647;
			files = (
				F505D2B82565713400ECC1CE /* LaunchScreen.storyboard in Resources */,
				F505D2B52565713400ECC1CE /* Assets.xcassets in Resources */,
				F505D2B02565712E00ECC1CE /* Main.storyboard in Resources */,
			);
			runOnlyForDeploymentPostprocessing = 0;
		};
/* End PBXResourcesBuildPhase section */

/* Begin PBXSourcesBuildPhase section */
		F505D2A12565712E00ECC1CE /* Sources */ = {
			isa = PBXSourcesBuildPhase;
			buildActionMask = 2147483647;
			files = (
				F505D2AD2565712E00ECC1CE /* ViewController.swift in Sources */,
				F505D2A92565712E00ECC1CE /* AppDelegate.swift in Sources */,
				F505D2AB2565712E00ECC1CE /* SceneDelegate.swift in Sources */,
				F505D2B32565712E00ECC1CE /* Todoey_List.xcdatamodeld in Sources */,
			);
			runOnlyForDeploymentPostprocessing = 0;
		};
/* End PBXSourcesBuildPhase section */

/* Begin PBXVariantGroup section */
		F505D2AE2565712E00ECC1CE /* Main.storyboard */ = {
			isa = PBXVariantGroup;
			children = (
				F505D2AF2565712E00ECC1CE /* Base */,
			);
			name = Main.storyboard;
			sourceTree = "<group>";
		};
		F505D2B62565713400ECC1CE /* LaunchScreen.storyboard */ = {
			isa = PBXVariantGroup;
			children = (
				F505D2B72565713400ECC1CE /* Base */,
			);
			name = LaunchScreen.storyboard;
			sourceTree = "<group>";
		};
/* End PBXVariantGroup section */

/* Begin XCBuildConfiguration section */
		F505D2BA2565713400ECC1CE /* Debug */ = {
			isa = XCBuildConfiguration;
			buildSettings = {
				ALWAYS_SEARCH_USER_PATHS = NO;
				CLANG_ANALYZER_NONNULL = YES;
				CLANG_ANALYZER_NUMBER_OBJECT_CONVERSION = YES_AGGRESSIVE;
				CLANG_CXX_LANGUAGE_STANDARD = "gnu++14";
				CLANG_CXX_LIBRARY = "libc++";
				CLANG_ENABLE_MODULES = YES;
				CLANG_ENABLE_OBJC_ARC = YES;
				CLANG_ENABLE_OBJC_WEAK = YES;
				CLANG_WARN_BLOCK_CAPTURE_AUTORELEASING = YES;
				CLANG_WARN_BOOL_CONVERSION = YES;
				CLANG_WARN_COMMA = YES;
				CLANG_WARN_CONSTANT_CONVERSION = YES;
				CLANG_WARN_DEPRECATED_OBJC_IMPLEMENTATIONS = YES;
				CLANG_WARN_DIRECT_OBJC_ISA_USAGE = YES_ERROR;
				CLANG_WARN_DOCUMENTATION_COMMENTS = YES;
				CLANG_WARN_EMPTY_BODY = YES;
				CLANG_WARN_ENUM_CONVERSION = YES;
				CLANG_WARN_INFINITE_RECURSION = YES;
				CLANG_WARN_INT_CONVERSION = YES;
				CLANG_WARN_NON_LITERAL_NULL_CONVERSION = YES;
				CLANG_WARN_OBJC_IMPLICIT_RETAIN_SELF = YES;
				CLANG_WARN_OBJC_LITERAL_CONVERSION = YES;
				CLANG_WARN_OBJC_ROOT_CLASS = YES_ERROR;
				CLANG_WARN_QUOTED_INCLUDE_IN_FRAMEWORK_HEADER = YES;
				CLANG_WARN_RANGE_LOOP_ANALYSIS = YES;
				CLANG_WARN_STRICT_PROTOTYPES = YES;
				CLANG_WARN_SUSPICIOUS_MOVE = YES;
				CLANG_WARN_UNGUARDED_AVAILABILITY = YES_AGGRESSIVE;
				CLANG_WARN_UNREACHABLE_CODE = YES;
				CLANG_WARN__DUPLICATE_METHOD_MATCH = YES;
				COPY_PHASE_STRIP = NO;
				DEBUG_INFORMATION_FORMAT = dwarf;
				ENABLE_STRICT_OBJC_MSGSEND = YES;
				ENABLE_TESTABILITY = YES;
				GCC_C_LANGUAGE_STANDARD = gnu11;
				GCC_DYNAMIC_NO_PIC = NO;
				GCC_NO_COMMON_BLOCKS = YES;
				GCC_OPTIMIZATION_LEVEL = 0;
				GCC_PREPROCESSOR_DEFINITIONS = (
					"DEBUG=1",
					"$(inherited)",
				);
				GCC_WARN_64_TO_32_BIT_CONVERSION = YES;
				GCC_WARN_ABOUT_RETURN_TYPE = YES_ERROR;
				GCC_WARN_UNDECLARED_SELECTOR = YES;
				GCC_WARN_UNINITIALIZED_AUTOS = YES_AGGRESSIVE;
				GCC_WARN_UNUSED_FUNCTION = YES;
				GCC_WARN_UNUSED_VARIABLE = YES;
				IPHONEOS_DEPLOYMENT_TARGET = 14.1;
				MTL_ENABLE_DEBUG_INFO = INCLUDE_SOURCE;
				MTL_FAST_MATH = YES;
				ONLY_ACTIVE_ARCH = YES;
				SDKROOT = iphoneos;
				SWIFT_ACTIVE_COMPILATION_CONDITIONS = DEBUG;
				SWIFT_OPTIMIZATION_LEVEL = "-Onone";
			};
			name = Debug;
		};
		F505D2BB2565713400ECC1CE /* Release */ = {
			isa = XCBuildConfiguration;
			buildSettings = {
				ALWAYS_SEARCH_USER_PATHS = NO;
				CLANG_ANALYZER_NONNULL = YES;
				CLANG_ANALYZER_NUMBER_OBJECT_CONVERSION = YES_AGGRESSIVE;
				CLANG_CXX_LANGUAGE_STANDARD = "gnu++14";
				CLANG_CXX_LIBRARY = "libc++";
				CLANG_ENABLE_MODULES = YES;
				CLANG_ENABLE_OBJC_ARC = YES;
				CLANG_ENABLE_OBJC_WEAK = YES;
				CLANG_WARN_BLOCK_CAPTURE_AUTORELEASING = YES;
				CLANG_WARN_BOOL_CONVERSION = YES;
				CLANG_WARN_COMMA = YES;
				CLANG_WARN_CONSTANT_CONVERSION = YES;
				CLANG_WARN_DEPRECATED_OBJC_IMPLEMENTATIONS = YES;
				CLANG_WARN_DIRECT_OBJC_ISA_USAGE = YES_ERROR;
				CLANG_WARN_DOCUMENTATION_COMMENTS = YES;
				CLANG_WARN_EMPTY_BODY = YES;
				CLANG_WARN_ENUM_CONVERSION = YES;
				CLANG_WARN_INFINITE_RECURSION = YES;
				CLANG_WARN_INT_CONVERSION = YES;
				CLANG_WARN_NON_LITERAL_NULL_CONVERSION = YES;
				CLANG_WARN_OBJC_IMPLICIT_RETAIN_SELF = YES;
				CLANG_WARN_OBJC_LITERAL_CONVERSION = YES;
				CLANG_WARN_OBJC_ROOT_CLASS = YES_ERROR;
				CLANG_WARN_QUOTED_INCLUDE_IN_FRAMEWORK_HEADER = YES;
				CLANG_WARN_RANGE_LOOP_ANALYSIS = YES;
				CLANG_WARN_STRICT_PROTOTYPES = YES;
				CLANG_WARN_SUSPICIOUS_MOVE = YES;
				CLANG_WARN_UNGUARDED_AVAILABILITY = YES_AGGRESSIVE;
				CLANG_WARN_UNREACHABLE_CODE = YES;
				CLANG_WARN__DUPLICATE_METHOD_MATCH = YES;
				COPY_PHASE_STRIP = NO;
				DEBUG_INFORMATION_FORMAT = "dwarf-with-dsym";
				ENABLE_NS_ASSERTIONS = NO;
				ENABLE_STRICT_OBJC_MSGSEND = YES;
				GCC_C_LANGUAGE_STANDARD = gnu11;
				GCC_NO_COMMON_BLOCKS = YES;
				GCC_WARN_64_TO_32_BIT_CONVERSION = YES;
				GCC_WARN_ABOUT_RETURN_TYPE = YES_ERROR;
				GCC_WARN_UNDECLARED_SELECTOR = YES;
				GCC_WARN_UNINITIALIZED_AUTOS = YES_AGGRESSIVE;
				GCC_WARN_UNUSED_FUNCTION = YES;
				GCC_WARN_UNUSED_VARIABLE = YES;
				IPHONEOS_DEPLOYMENT_TARGET = 14.1;
				MTL_ENABLE_DEBUG_INFO = NO;
				MTL_FAST_MATH = YES;
				SDKROOT = iphoneos;
				SWIFT_COMPILATION_MODE = wholemodule;
				SWIFT_OPTIMIZATION_LEVEL = "-O";
				VALIDATE_PRODUCT = YES;
			};
			name = Release;
		};
		F505D2BD2565713400ECC1CE /* Debug */ = {
			isa = XCBuildConfiguration;
			buildSettings = {
				ASSETCATALOG_COMPILER_APPICON_NAME = AppIcon;
				ASSETCATALOG_COMPILER_GLOBAL_ACCENT_COLOR_NAME = AccentColor;
				CODE_SIGN_STYLE = Automatic;
				DEVELOPMENT_TEAM = 5882QKM9XK;
				INFOPLIST_FILE = "Todoey List/Info.plist";
				LD_RUNPATH_SEARCH_PATHS = (
					"$(inherited)",
					"@executable_path/Frameworks",
				);
				PRODUCT_BUNDLE_IDENTIFIER = "com.drago.Todoey-List";
				PRODUCT_NAME = "$(TARGET_NAME)";
				SWIFT_VERSION = 5.0;
				TARGETED_DEVICE_FAMILY = "1,2";
			};
			name = Debug;
		};
		F505D2BE2565713400ECC1CE /* Release */ = {
			isa = XCBuildConfiguration;
			buildSettings = {
				ASSETCATALOG_COMPILER_APPICON_NAME = AppIcon;
				ASSETCATALOG_COMPILER_GLOBAL_ACCENT_COLOR_NAME = AccentColor;
				CODE_SIGN_STYLE = Automatic;
				DEVELOPMENT_TEAM = 5882QKM9XK;
				INFOPLIST_FILE = "Todoey List/Info.plist";
				LD_RUNPATH_SEARCH_PATHS = (
					"$(inherited)",
					"@executable_path/Frameworks",
				);
				PRODUCT_BUNDLE_IDENTIFIER = "com.drago.Todoey-List";
				PRODUCT_NAME = "$(TARGET_NAME)";
				SWIFT_VERSION = 5.0;
				TARGETED_DEVICE_FAMILY = "1,2";
			};
			name = Release;
		};
/* End XCBuildConfiguration section */

/* Begin XCConfigurationList section */
		F505D2A02565712E00ECC1CE /* Build configuration list for PBXProject "Todoey List" */ = {
			isa = XCConfigurationList;
			buildConfigurations = (
				F505D2BA2565713400ECC1CE /* Debug */,
				F505D2BB2565713400ECC1CE /* Release */,
			);
			defaultConfigurationIsVisible = 0;
			defaultConfigurationName = Release;
		};
		F505D2BC2565713400ECC1CE /* Build configuration list for PBXNativeTarget "Todoey List" */ = {
			isa = XCConfigurationList;
			buildConfigurations = (
				F505D2BD2565713400ECC1CE /* Debug */,
				F505D2BE2565713400ECC1CE /* Release */,
			);
			defaultConfigurationIsVisible = 0;
			defaultConfigurationName = Release;
		};
/* End XCConfigurationList section */

/* Begin XCVersionGroup section */
		F505D2B12565712E00ECC1CE /* Todoey_List.xcdatamodeld */ = {
			isa = XCVersionGroup;
			children = (
				F505D2B22565712E00ECC1CE /* Todoey_List.xcdatamodel */,
			);
			currentVersion = F505D2B22565712E00ECC1CE /* Todoey_List.xcdatamodel */;
			path = Todoey_List.xcdatamodeld;
			sourceTree = "<group>";
			versionGroupType = wrapper.xcdatamodel;
		};
/* End XCVersionGroup section */
	};
	rootObject = F505D29D2565712D00ECC1CE /* Project object */;
}
